
Microsoft Visual Studio Solution File, Format Version 12.00
# Visual Studio Version 16
VisualStudioVersion = 16.0.30204.135
MinimumVisualStudioVersion = 15.0.26124.0
Project("{FAE04EC0-301F-11D3-BF4B-00C04F79EFBC}") = "KafkaProcessor", "KafkaProcessor\KafkaProcessor.csproj", "{D90F7F7D-ADF4-4BCD-8CA7-69BB6DFB050C}"
EndProject
Project("{FAE04EC0-301F-11D3-BF4B-00C04F79EFBC}") = "KafkaProcessor.Tests", "KafkaProcessor.Tests\KafkaProcessor.Tests.csproj", "{72258648-1CD4-4708-9A4A-BBB73FF49AB9}"
EndProject
Project("{FAE04EC0-301F-11D3-BF4B-00C04F79EFBC}") = "KafkaProcessor.Extensions.Sample", "KafkaProcessor.Extensions.Sample\KafkaProcessor.Extensions.Sample.csproj", "{B5A97BEE-E638-49BC-A1FC-B5D925F73CBC}"
EndProject
Project("{FAE04EC0-301F-11D3-BF4B-00C04F79EFBC}") = "KafkaProcessor.Extensions", "KafkaProcessor.Extensions\KafkaProcessor.Extensions.csproj", "{E500EDFB-9746-4C27-9C43-F095E0CC454D}"
EndProject
Global
    GlobalSection(SolutionConfigurationPlatforms) = preSolution
        Debug|Any CPU = Debug|Any CPU
        Debug|x64 = Debug|x64
        Debug|x86 = Debug|x86
        Release|Any CPU = Release|Any CPU
        Release|x64 = Release|x64
        Release|x86 = Release|x86
    EndGlobalSection
    GlobalSection(ProjectConfigurationPlatforms) = postSolution
        {D90F7F7D-ADF4-4BCD-8CA7-69BB6DFB050C}.Debug|Any CPU.ActiveCfg = Debug|Any CPU
        {D90F7F7D-ADF4-4BCD-8CA7-69BB6DFB050C}.Debug|Any CPU.Build.0 = Debug|Any CPU
        {D90F7F7D-ADF4-4BCD-8CA7-69BB6DFB050C}.Debug|x64.ActiveCfg = Debug|Any CPU
        {D90F7F7D-ADF4-4BCD-8CA7-69BB6DFB050C}.Debug|x64.Build.0 = Debug|Any CPU
        {D90F7F7D-ADF4-4BCD-8CA7-69BB6DFB050C}.Debug|x86.ActiveCfg = Debug|Any CPU
        {D90F7F7D-ADF4-4BCD-8CA7-69BB6DFB050C}.Debug|x86.Build.0 = Debug|Any CPU
        {D90F7F7D-ADF4-4BCD-8CA7-69BB6DFB050C}.Release|Any CPU.ActiveCfg = Release|Any CPU
        {D90F7F7D-ADF4-4BCD-8CA7-69BB6DFB050C}.Release|Any CPU.Build.0 = Release|Any CPU
        {D90F7F7D-ADF4-4BCD-8CA7-69BB6DFB050C}.Release|x64.ActiveCfg = Release|Any CPU
        {D90F7F7D-ADF4-4BCD-8CA7-69BB6DFB050C}.Release|x64.Build.0 = Release|Any CPU
        {D90F7F7D-ADF4-4BCD-8CA7-69BB6DFB050C}.Release|x86.ActiveCfg = Release|Any CPU
        {D90F7F7D-ADF4-4BCD-8CA7-69BB6DFB050C}.Release|x86.Build.0 = Release|Any CPU
        {72258648-1CD4-4708-9A4A-BBB73FF49AB9}.Debug|Any CPU.ActiveCfg = Debug|Any CPU
        {72258648-1CD4-4708-9A4A-BBB73FF49AB9}.Debug|Any CPU.Build.0 = Debug|Any CPU
        {72258648-1CD4-4708-9A4A-BBB73FF49AB9}.Debug|x64.ActiveCfg = Debug|Any CPU
        {72258648-1CD4-4708-9A4A-BBB73FF49AB9}.Debug|x64.Build.0 = Debug|Any CPU
        {72258648-1CD4-4708-9A4A-BBB73FF49AB9}.Debug|x86.ActiveCfg = Debug|Any CPU
        {72258648-1CD4-4708-9A4A-BBB73FF49AB9}.Debug|x86.Build.0 = Debug|Any CPU
        {72258648-1CD4-4708-9A4A-BBB73FF49AB9}.Release|Any CPU.ActiveCfg = Release|Any CPU
        {72258648-1CD4-4708-9A4A-BBB73FF49AB9}.Release|Any CPU.Build.0 = Release|Any CPU
        {72258648-1CD4-4708-9A4A-BBB73FF49AB9}.Release|x64.ActiveCfg = Release|Any CPU
        {72258648-1CD4-4708-9A4A-BBB73FF49AB9}.Release|x64.Build.0 = Release|Any CPU
        {72258648-1CD4-4708-9A4A-BBB73FF49AB9}.Release|x86.ActiveCfg = Release|Any CPU
        {72258648-1CD4-4708-9A4A-BBB73FF49AB9}.Release|x86.Build.0 = Release|Any CPU
        {B5A97BEE-E638-49BC-A1FC-B5D925F73CBC}.Debug|Any CPU.ActiveCfg = Debug|Any CPU
        {B5A97BEE-E638-49BC-A1FC-B5D925F73CBC}.Debug|Any CPU.Build.0 = Debug|Any CPU
        {B5A97BEE-E638-49BC-A1FC-B5D925F73CBC}.Debug|x64.ActiveCfg = Debug|Any CPU
        {B5A97BEE-E638-49BC-A1FC-B5D925F73CBC}.Debug|x64.Build.0 = Debug|Any CPU
        {B5A97BEE-E638-49BC-A1FC-B5D925F73CBC}.Debug|x86.ActiveCfg = Debug|Any CPU
        {B5A97BEE-E638-49BC-A1FC-B5D925F73CBC}.Debug|x86.Build.0 = Debug|Any CPU
        {B5A97BEE-E638-49BC-A1FC-B5D925F73CBC}.Release|Any CPU.ActiveCfg = Release|Any CPU
        {B5A97BEE-E638-49BC-A1FC-B5D925F73CBC}.Release|Any CPU.Build.0 = Release|Any CPU
        {B5A97BEE-E638-49BC-A1FC-B5D925F73CBC}.Release|x64.ActiveCfg = Release|Any CPU
        {B5A97BEE-E638-49BC-A1FC-B5D925F73CBC}.Release|x64.Build.0 = Release|Any CPU
        {B5A97BEE-E638-49BC-A1FC-B5D925F73CBC}.Release|x86.ActiveCfg = Release|Any CPU
        {B5A97BEE-E638-49BC-A1FC-B5D925F73CBC}.Release|x86.Build.0 = Release|Any CPU
        {E500EDFB-9746-4C27-9C43-F095E0CC454D}.Debug|Any CPU.ActiveCfg = Debug|Any CPU
        {E500EDFB-9746-4C27-9C43-F095E0CC454D}.Debug|Any CPU.Build.0 = Debug|Any CPU
        {E500EDFB-9746-4C27-9C43-F095E0CC454D}.Debug|x64.ActiveCfg = Debug|Any CPU
        {E500EDFB-9746-4C27-9C43-F095E0CC454D}.Debug|x64.Build.0 = Debug|Any CPU
        {E500EDFB-9746-4C27-9C43-F095E0CC454D}.Debug|x86.ActiveCfg = Debug|Any CPU
        {E500EDFB-9746-4C27-9C43-F095E0CC454D}.Debug|x86.Build.0 = Debug|Any CPU
        {E500EDFB-9746-4C27-9C43-F095E0CC454D}.Release|Any CPU.ActiveCfg = Release|Any CPU
        {E500EDFB-9746-4C27-9C43-F095E0CC454D}.Release|Any CPU.Build.0 = Release|Any CPU
        {E500EDFB-9746-4C27-9C43-F095E0CC454D}.Release|x64.ActiveCfg = Release|Any CPU
        {E500EDFB-9746-4C27-9C43-F095E0CC454D}.Release|x64.Build.0 = Release|Any CPU
        {E500EDFB-9746-4C27-9C43-F095E0CC454D}.Release|x86.ActiveCfg = Release|Any CPU
        {E500EDFB-9746-4C27-9C43-F095E0CC454D}.Release|x86.Build.0 = Release|Any CPU
    EndGlobalSection
    GlobalSection(SolutionProperties) = preSolution
        HideSolutionNode = FALSE
    EndGlobalSection
    GlobalSection(ExtensibilityGlobals) = postSolution
        SolutionGuid = {D67C72E6-F41A-440A-908C-26DB957EE01D}
    EndGlobalSection
EndGlobal
